
Microsoft Visual Studio Solution File, Format Version 12.00
# Visual Studio 15
VisualStudioVersion = 15.0.28010.2003
MinimumVisualStudioVersion = 10.0.40219.1
Project("{FAE04EC0-301F-11D3-BF4B-00C04F79EFBC}") = "Project1", "Project1\Project1.csproj", "{6E794B96-9DD9-43EE-A57A-1DBE920444F7}"
EndProject
Global
	GlobalSection(SolutionConfigurationPlatforms) = preSolution
		Debug|Any CPU = Debug|Any CPU
		Release|Any CPU = Release|Any CPU
	EndGlobalSection
	GlobalSection(ProjectConfigurationPlatforms) = postSolution
		{6E794B96-9DD9-43EE-A57A-1DBE920444F7}.Debug|Any CPU.ActiveCfg = Debug|Any CPU
		{6E794B96-9DD9-43EE-A57A-1DBE920444F7}.Debug|Any CPU.Build.0 = Debug|Any CPU
		{6E794B96-9DD9-43EE-A57A-1DBE920444F7}.Release|Any CPU.ActiveCfg = Release|Any CPU
		{6E794B96-9DD9-43EE-A57A-1DBE920444F7}.Release|Any CPU.Build.0 = Release|Any CPU
	EndGlobalSection
	GlobalSection(SolutionProperties) = preSolution
		HideSolutionNode = FALSE
	EndGlobalSection
	GlobalSection(ExtensibilityGlobals) = postSolution
		SolutionGuid = {9A06765D-C581-421D-96F1-673B98BFD041}
	EndGlobalSection
EndGlobal
